
Microsoft Visual Studio Solution File, Format Version 12.00
# Visual Studio 15
VisualStudioVersion = 15.0.26228.9
MinimumVisualStudioVersion = 10.0.40219.1
Project("{FAE04EC0-301F-11D3-BF4B-00C04F79EFBC}") = "console.NET", "mongo.NET\console.NET.csproj", "{31F1AFA0-59DB-49DC-A074-A883B661D9A7}"
EndProject
Project("{9092AA53-FB77-4645-B42D-1CCCA6BD08BD}") = "consoleNode", "mongoNode\consoleNode.njsproj", "{4CD2EE4F-7AD6-4D6C-8EBA-831D5C4F2F51}"
EndProject
Project("{9092AA53-FB77-4645-B42D-1CCCA6BD08BD}") = "Store", "Store\Store.njsproj", "{3D0729FE-7E3F-43CF-9036-347A57C5BEBE}"
EndProject
Global
	GlobalSection(SolutionConfigurationPlatforms) = preSolution
		Debug|Any CPU = Debug|Any CPU
		Release|Any CPU = Release|Any CPU
	EndGlobalSection
	GlobalSection(ProjectConfigurationPlatforms) = postSolution
		{31F1AFA0-59DB-49DC-A074-A883B661D9A7}.Debug|Any CPU.ActiveCfg = Debug|Any CPU
		{31F1AFA0-59DB-49DC-A074-A883B661D9A7}.Debug|Any CPU.Build.0 = Debug|Any CPU
		{31F1AFA0-59DB-49DC-A074-A883B661D9A7}.Release|Any CPU.ActiveCfg = Release|Any CPU
		{31F1AFA0-59DB-49DC-A074-A883B661D9A7}.Release|Any CPU.Build.0 = Release|Any CPU
		{4CD2EE4F-7AD6-4D6C-8EBA-831D5C4F2F51}.Debug|Any CPU.ActiveCfg = Debug|Any CPU
		{4CD2EE4F-7AD6-4D6C-8EBA-831D5C4F2F51}.Debug|Any CPU.Build.0 = Debug|Any CPU
		{4CD2EE4F-7AD6-4D6C-8EBA-831D5C4F2F51}.Release|Any CPU.ActiveCfg = Release|Any CPU
		{4CD2EE4F-7AD6-4D6C-8EBA-831D5C4F2F51}.Release|Any CPU.Build.0 = Release|Any CPU
		{3D0729FE-7E3F-43CF-9036-347A57C5BEBE}.Debug|Any CPU.ActiveCfg = Debug|Any CPU
		{3D0729FE-7E3F-43CF-9036-347A57C5BEBE}.Debug|Any CPU.Build.0 = Debug|Any CPU
		{3D0729FE-7E3F-43CF-9036-347A57C5BEBE}.Release|Any CPU.ActiveCfg = Release|Any CPU
		{3D0729FE-7E3F-43CF-9036-347A57C5BEBE}.Release|Any CPU.Build.0 = Release|Any CPU
	EndGlobalSection
	GlobalSection(SolutionProperties) = preSolution
		HideSolutionNode = FALSE
	EndGlobalSection
EndGlobal
